
Microsoft Visual Studio Solution File, Format Version 12.00
# Visual Studio Version 17
VisualStudioVersion = 17.2.32516.85
MinimumVisualStudioVersion = 10.0.40219.1
Project("{FAE04EC0-301F-11D3-BF4B-00C04F79EFBC}") = "Exercicio 5", "Exercicio 5\Exercicio 5.csproj", "{053FFB62-A057-402F-B22E-F5614618BC4D}"
EndProject
Global
	GlobalSection(SolutionConfigurationPlatforms) = preSolution
		Debug|Any CPU = Debug|Any CPU
		Release|Any CPU = Release|Any CPU
	EndGlobalSection
	GlobalSection(ProjectConfigurationPlatforms) = postSolution
		{053FFB62-A057-402F-B22E-F5614618BC4D}.Debug|Any CPU.ActiveCfg = Debug|Any CPU
		{053FFB62-A057-402F-B22E-F5614618BC4D}.Debug|Any CPU.Build.0 = Debug|Any CPU
		{053FFB62-A057-402F-B22E-F5614618BC4D}.Release|Any CPU.ActiveCfg = Release|Any CPU
		{053FFB62-A057-402F-B22E-F5614618BC4D}.Release|Any CPU.Build.0 = Release|Any CPU
	EndGlobalSection
	GlobalSection(SolutionProperties) = preSolution
		HideSolutionNode = FALSE
	EndGlobalSection
	GlobalSection(ExtensibilityGlobals) = postSolution
		SolutionGuid = {236754A8-A87A-445B-A623-5D8ADAA046AD}
	EndGlobalSection
EndGlobal
